
Microsoft Visual Studio Solution File, Format Version 12.00
# Visual Studio 15
VisualStudioVersion = 15.0.28306.52
MinimumVisualStudioVersion = 10.0.40219.1
Project("{FAE04EC0-301F-11D3-BF4B-00C04F79EFBC}") = "Exception", "Exception\Exception.csproj", "{DD319795-526E-473F-988F-76BBB2A25AE9}"
EndProject
Global
	GlobalSection(SolutionConfigurationPlatforms) = preSolution
		Debug|Any CPU = Debug|Any CPU
		Release|Any CPU = Release|Any CPU
	EndGlobalSection
	GlobalSection(ProjectConfigurationPlatforms) = postSolution
		{DD319795-526E-473F-988F-76BBB2A25AE9}.Debug|Any CPU.ActiveCfg = Debug|Any CPU
		{DD319795-526E-473F-988F-76BBB2A25AE9}.Debug|Any CPU.Build.0 = Debug|Any CPU
		{DD319795-526E-473F-988F-76BBB2A25AE9}.Release|Any CPU.ActiveCfg = Release|Any CPU
		{DD319795-526E-473F-988F-76BBB2A25AE9}.Release|Any CPU.Build.0 = Release|Any CPU
	EndGlobalSection
	GlobalSection(SolutionProperties) = preSolution
		HideSolutionNode = FALSE
	EndGlobalSection
	GlobalSection(ExtensibilityGlobals) = postSolution
		SolutionGuid = {ECAD6D7E-5141-4C55-A9B0-6EB740B2F37B}
	EndGlobalSection
EndGlobal
